
Microsoft Visual Studio Solution File, Format Version 12.00
# Visual Studio 2012
Project("{FAE04EC0-301F-11D3-BF4B-00C04F79EFBC}") = "PinnaRent.Core", "PinnaRent.Core\PinnaRent.Core.csproj", "{7A4D399D-C3C8-40DF-AABB-40351AF53340}"
EndProject
Project("{FAE04EC0-301F-11D3-BF4B-00C04F79EFBC}") = "PinnaRent.DAL", "PinnaRent.DAL\PinnaRent.DAL.csproj", "{B88EC007-9338-4942-8AD6-44C3FE523872}"
	ProjectSection(ProjectDependencies) = postProject
		{7A4D399D-C3C8-40DF-AABB-40351AF53340} = {7A4D399D-C3C8-40DF-AABB-40351AF53340}
	EndProjectSection
EndProject
Project("{FAE04EC0-301F-11D3-BF4B-00C04F79EFBC}") = "PinnaRent.Repository", "PinnaRent.Repository\PinnaRent.Repository.csproj", "{A8432EE2-EBED-4FE9-A6A1-99EBBE3629E9}"
	ProjectSection(ProjectDependencies) = postProject
		{B88EC007-9338-4942-8AD6-44C3FE523872} = {B88EC007-9338-4942-8AD6-44C3FE523872}
		{7A4D399D-C3C8-40DF-AABB-40351AF53340} = {7A4D399D-C3C8-40DF-AABB-40351AF53340}
	EndProjectSection
EndProject
Project("{FAE04EC0-301F-11D3-BF4B-00C04F79EFBC}") = "PinnaRent.Service", "PinnaRent.Service\PinnaRent.Service.csproj", "{BD52A0BE-F535-4D9D-A0A7-F12B8FD39861}"
	ProjectSection(ProjectDependencies) = postProject
		{B88EC007-9338-4942-8AD6-44C3FE523872} = {B88EC007-9338-4942-8AD6-44C3FE523872}
		{7A4D399D-C3C8-40DF-AABB-40351AF53340} = {7A4D399D-C3C8-40DF-AABB-40351AF53340}
		{A8432EE2-EBED-4FE9-A6A1-99EBBE3629E9} = {A8432EE2-EBED-4FE9-A6A1-99EBBE3629E9}
	EndProjectSection
EndProject
Project("{FAE04EC0-301F-11D3-BF4B-00C04F79EFBC}") = "PinnaRent.WPF", "PinnaRent.WPF\PinnaRent.WPF.csproj", "{B72210FA-0ABB-40FF-8AA7-A439CF982349}"
	ProjectSection(ProjectDependencies) = postProject
		{B88EC007-9338-4942-8AD6-44C3FE523872} = {B88EC007-9338-4942-8AD6-44C3FE523872}
		{7A4D399D-C3C8-40DF-AABB-40351AF53340} = {7A4D399D-C3C8-40DF-AABB-40351AF53340}
		{BD52A0BE-F535-4D9D-A0A7-F12B8FD39861} = {BD52A0BE-F535-4D9D-A0A7-F12B8FD39861}
		{A8432EE2-EBED-4FE9-A6A1-99EBBE3629E9} = {A8432EE2-EBED-4FE9-A6A1-99EBBE3629E9}
	EndProjectSection
EndProject
Project("{2150E333-8FDC-42A3-9474-1A3956D46DE8}") = "Setup", "Setup", "{811FB9D1-F4E3-4FBD-8995-D4BF2FAAE674}"
EndProject
Project("{6141683F-8A12-4E36-9623-2EB02B2C2303}") = "PinnaRent.Setup", "Setup\PinnaRent.Setup\PinnaRent.Setup.isproj", "{2B90DB28-F6A1-41F6-8B8F-6F75C9220EDA}"
	ProjectSection(ProjectDependencies) = postProject
		{B72210FA-0ABB-40FF-8AA7-A439CF982349} = {B72210FA-0ABB-40FF-8AA7-A439CF982349}
	EndProjectSection
EndProject
Global
	GlobalSection(SolutionConfigurationPlatforms) = preSolution
		CD_ROM|Any CPU = CD_ROM|Any CPU
		Debug|Any CPU = Debug|Any CPU
		DVD-5|Any CPU = DVD-5|Any CPU
		Release|Any CPU = Release|Any CPU
		SingleImage|Any CPU = SingleImage|Any CPU
	EndGlobalSection
	GlobalSection(ProjectConfigurationPlatforms) = postSolution
		{7A4D399D-C3C8-40DF-AABB-40351AF53340}.CD_ROM|Any CPU.ActiveCfg = Release|Any CPU
		{7A4D399D-C3C8-40DF-AABB-40351AF53340}.CD_ROM|Any CPU.Build.0 = Release|Any CPU
		{7A4D399D-C3C8-40DF-AABB-40351AF53340}.Debug|Any CPU.ActiveCfg = Debug|Any CPU
		{7A4D399D-C3C8-40DF-AABB-40351AF53340}.Debug|Any CPU.Build.0 = Debug|Any CPU
		{7A4D399D-C3C8-40DF-AABB-40351AF53340}.DVD-5|Any CPU.ActiveCfg = Debug|Any CPU
		{7A4D399D-C3C8-40DF-AABB-40351AF53340}.DVD-5|Any CPU.Build.0 = Debug|Any CPU
		{7A4D399D-C3C8-40DF-AABB-40351AF53340}.Release|Any CPU.ActiveCfg = Release|Any CPU
		{7A4D399D-C3C8-40DF-AABB-40351AF53340}.Release|Any CPU.Build.0 = Release|Any CPU
		{7A4D399D-C3C8-40DF-AABB-40351AF53340}.SingleImage|Any CPU.ActiveCfg = Release|Any CPU
		{7A4D399D-C3C8-40DF-AABB-40351AF53340}.SingleImage|Any CPU.Build.0 = Release|Any CPU
		{B88EC007-9338-4942-8AD6-44C3FE523872}.CD_ROM|Any CPU.ActiveCfg = Release|Any CPU
		{B88EC007-9338-4942-8AD6-44C3FE523872}.CD_ROM|Any CPU.Build.0 = Release|Any CPU
		{B88EC007-9338-4942-8AD6-44C3FE523872}.Debug|Any CPU.ActiveCfg = Debug|Any CPU
		{B88EC007-9338-4942-8AD6-44C3FE523872}.Debug|Any CPU.Build.0 = Debug|Any CPU
		{B88EC007-9338-4942-8AD6-44C3FE523872}.DVD-5|Any CPU.ActiveCfg = Debug|Any CPU
		{B88EC007-9338-4942-8AD6-44C3FE523872}.DVD-5|Any CPU.Build.0 = Debug|Any CPU
		{B88EC007-9338-4942-8AD6-44C3FE523872}.Release|Any CPU.ActiveCfg = Release|Any CPU
		{B88EC007-9338-4942-8AD6-44C3FE523872}.Release|Any CPU.Build.0 = Release|Any CPU
		{B88EC007-9338-4942-8AD6-44C3FE523872}.SingleImage|Any CPU.ActiveCfg = Release|Any CPU
		{B88EC007-9338-4942-8AD6-44C3FE523872}.SingleImage|Any CPU.Build.0 = Release|Any CPU
		{A8432EE2-EBED-4FE9-A6A1-99EBBE3629E9}.CD_ROM|Any CPU.ActiveCfg = Release|Any CPU
		{A8432EE2-EBED-4FE9-A6A1-99EBBE3629E9}.CD_ROM|Any CPU.Build.0 = Release|Any CPU
		{A8432EE2-EBED-4FE9-A6A1-99EBBE3629E9}.Debug|Any CPU.ActiveCfg = Debug|Any CPU
		{A8432EE2-EBED-4FE9-A6A1-99EBBE3629E9}.Debug|Any CPU.Build.0 = Debug|Any CPU
		{A8432EE2-EBED-4FE9-A6A1-99EBBE3629E9}.DVD-5|Any CPU.ActiveCfg = Debug|Any CPU
		{A8432EE2-EBED-4FE9-A6A1-99EBBE3629E9}.DVD-5|Any CPU.Build.0 = Debug|Any CPU
		{A8432EE2-EBED-4FE9-A6A1-99EBBE3629E9}.Release|Any CPU.ActiveCfg = Release|Any CPU
		{A8432EE2-EBED-4FE9-A6A1-99EBBE3629E9}.Release|Any CPU.Build.0 = Release|Any CPU
		{A8432EE2-EBED-4FE9-A6A1-99EBBE3629E9}.SingleImage|Any CPU.ActiveCfg = Release|Any CPU
		{A8432EE2-EBED-4FE9-A6A1-99EBBE3629E9}.SingleImage|Any CPU.Build.0 = Release|Any CPU
		{BD52A0BE-F535-4D9D-A0A7-F12B8FD39861}.CD_ROM|Any CPU.ActiveCfg = Release|Any CPU
		{BD52A0BE-F535-4D9D-A0A7-F12B8FD39861}.CD_ROM|Any CPU.Build.0 = Release|Any CPU
		{BD52A0BE-F535-4D9D-A0A7-F12B8FD39861}.Debug|Any CPU.ActiveCfg = Debug|Any CPU
		{BD52A0BE-F535-4D9D-A0A7-F12B8FD39861}.Debug|Any CPU.Build.0 = Debug|Any CPU
		{BD52A0BE-F535-4D9D-A0A7-F12B8FD39861}.DVD-5|Any CPU.ActiveCfg = Debug|Any CPU
		{BD52A0BE-F535-4D9D-A0A7-F12B8FD39861}.DVD-5|Any CPU.Build.0 = Debug|Any CPU
		{BD52A0BE-F535-4D9D-A0A7-F12B8FD39861}.Release|Any CPU.ActiveCfg = Release|Any CPU
		{BD52A0BE-F535-4D9D-A0A7-F12B8FD39861}.Release|Any CPU.Build.0 = Release|Any CPU
		{BD52A0BE-F535-4D9D-A0A7-F12B8FD39861}.SingleImage|Any CPU.ActiveCfg = Release|Any CPU
		{BD52A0BE-F535-4D9D-A0A7-F12B8FD39861}.SingleImage|Any CPU.Build.0 = Release|Any CPU
		{B72210FA-0ABB-40FF-8AA7-A439CF982349}.CD_ROM|Any CPU.ActiveCfg = Release|Any CPU
		{B72210FA-0ABB-40FF-8AA7-A439CF982349}.CD_ROM|Any CPU.Build.0 = Release|Any CPU
		{B72210FA-0ABB-40FF-8AA7-A439CF982349}.Debug|Any CPU.ActiveCfg = Debug|Any CPU
		{B72210FA-0ABB-40FF-8AA7-A439CF982349}.Debug|Any CPU.Build.0 = Debug|Any CPU
		{B72210FA-0ABB-40FF-8AA7-A439CF982349}.DVD-5|Any CPU.ActiveCfg = Debug|Any CPU
		{B72210FA-0ABB-40FF-8AA7-A439CF982349}.DVD-5|Any CPU.Build.0 = Debug|Any CPU
		{B72210FA-0ABB-40FF-8AA7-A439CF982349}.Release|Any CPU.ActiveCfg = Release|Any CPU
		{B72210FA-0ABB-40FF-8AA7-A439CF982349}.Release|Any CPU.Build.0 = Release|Any CPU
		{B72210FA-0ABB-40FF-8AA7-A439CF982349}.SingleImage|Any CPU.ActiveCfg = Release|Any CPU
		{B72210FA-0ABB-40FF-8AA7-A439CF982349}.SingleImage|Any CPU.Build.0 = Release|Any CPU
		{2B90DB28-F6A1-41F6-8B8F-6F75C9220EDA}.CD_ROM|Any CPU.ActiveCfg = CD_ROM
		{2B90DB28-F6A1-41F6-8B8F-6F75C9220EDA}.CD_ROM|Any CPU.Build.0 = CD_ROM
		{2B90DB28-F6A1-41F6-8B8F-6F75C9220EDA}.Debug|Any CPU.ActiveCfg = SingleImage
		{2B90DB28-F6A1-41F6-8B8F-6F75C9220EDA}.Debug|Any CPU.Build.0 = SingleImage
		{2B90DB28-F6A1-41F6-8B8F-6F75C9220EDA}.DVD-5|Any CPU.ActiveCfg = DVD-5
		{2B90DB28-F6A1-41F6-8B8F-6F75C9220EDA}.DVD-5|Any CPU.Build.0 = DVD-5
		{2B90DB28-F6A1-41F6-8B8F-6F75C9220EDA}.Release|Any CPU.ActiveCfg = SingleImage
		{2B90DB28-F6A1-41F6-8B8F-6F75C9220EDA}.Release|Any CPU.Build.0 = SingleImage
		{2B90DB28-F6A1-41F6-8B8F-6F75C9220EDA}.SingleImage|Any CPU.ActiveCfg = SingleImage
		{2B90DB28-F6A1-41F6-8B8F-6F75C9220EDA}.SingleImage|Any CPU.Build.0 = SingleImage
	EndGlobalSection
	GlobalSection(SolutionProperties) = preSolution
		HideSolutionNode = FALSE
	EndGlobalSection
	GlobalSection(NestedProjects) = preSolution
		{2B90DB28-F6A1-41F6-8B8F-6F75C9220EDA} = {811FB9D1-F4E3-4FBD-8995-D4BF2FAAE674}
	EndGlobalSection
EndGlobal
